
Microsoft Visual Studio Solution File, Format Version 12.00
# Visual Studio Version 16
VisualStudioVersion = 16.0.28902.138
MinimumVisualStudioVersion = 10.0.40219.1
Project("{9A19103F-16F7-4668-BE54-9A1E7A4F7556}") = "TinyLittleMvvm", "TinyLittleMvvm\TinyLittleMvvm.csproj", "{091A6BAA-E90D-4701-B7AF-254FC289AB26}"
EndProject
Project("{9A19103F-16F7-4668-BE54-9A1E7A4F7556}") = "TinyLittleMvvm.Demo", "TinyLittleMvvm.Demo\TinyLittleMvvm.Demo.csproj", "{C22346CA-AA21-4D09-963A-0243B20A096B}"
EndProject
Project("{2150E333-8FDC-42A3-9474-1A3956D46DE8}") = "Solution Items", "Solution Items", "{F15B9A05-2298-464A-8762-762DB004C94F}"
	ProjectSection(SolutionItems) = preProject
		..\azure-pipelines.yml = ..\azure-pipelines.yml
		Directory.Build.props = Directory.Build.props
		global.json = global.json
		..\README.md = ..\README.md
		Templates\templatepack.csproj = Templates\templatepack.csproj
	EndProjectSection
EndProject
Project("{2150E333-8FDC-42A3-9474-1A3956D46DE8}") = "Templates", "Templates", "{AB452B1A-B290-4883-B8C6-3C1C33E8B509}"
	ProjectSection(SolutionItems) = preProject
		Templates\templatepack.csproj = Templates\templatepack.csproj
	EndProjectSection
EndProject
Project("{9A19103F-16F7-4668-BE54-9A1E7A4F7556}") = "TemplateApp", "Templates\TemplateApp\TemplateApp.csproj", "{B9ED49AA-0779-475C-B8B5-DEC53FCAFE14}"
EndProject
Project("{9A19103F-16F7-4668-BE54-9A1E7A4F7556}") = "TinyLittleMvvm.MahAppsExt", "TinyLittleMvvm.MahApps\TinyLittleMvvm.MahAppsExt.csproj", "{C6873C13-07AA-4834-8DD7-A7E2AC86244D}"
EndProject
Global
	GlobalSection(SolutionConfigurationPlatforms) = preSolution
		Debug|Any CPU = Debug|Any CPU
		Release|Any CPU = Release|Any CPU
	EndGlobalSection
	GlobalSection(ProjectConfigurationPlatforms) = postSolution
		{091A6BAA-E90D-4701-B7AF-254FC289AB26}.Debug|Any CPU.ActiveCfg = Debug|Any CPU
		{091A6BAA-E90D-4701-B7AF-254FC289AB26}.Debug|Any CPU.Build.0 = Debug|Any CPU
		{091A6BAA-E90D-4701-B7AF-254FC289AB26}.Release|Any CPU.ActiveCfg = Release|Any CPU
		{091A6BAA-E90D-4701-B7AF-254FC289AB26}.Release|Any CPU.Build.0 = Release|Any CPU
		{C22346CA-AA21-4D09-963A-0243B20A096B}.Debug|Any CPU.ActiveCfg = Debug|Any CPU
		{C22346CA-AA21-4D09-963A-0243B20A096B}.Debug|Any CPU.Build.0 = Debug|Any CPU
		{C22346CA-AA21-4D09-963A-0243B20A096B}.Release|Any CPU.ActiveCfg = Release|Any CPU
		{C22346CA-AA21-4D09-963A-0243B20A096B}.Release|Any CPU.Build.0 = Release|Any CPU
		{B9ED49AA-0779-475C-B8B5-DEC53FCAFE14}.Debug|Any CPU.ActiveCfg = Debug|Any CPU
		{B9ED49AA-0779-475C-B8B5-DEC53FCAFE14}.Debug|Any CPU.Build.0 = Debug|Any CPU
		{B9ED49AA-0779-475C-B8B5-DEC53FCAFE14}.Release|Any CPU.ActiveCfg = Release|Any CPU
		{B9ED49AA-0779-475C-B8B5-DEC53FCAFE14}.Release|Any CPU.Build.0 = Release|Any CPU
		{C6873C13-07AA-4834-8DD7-A7E2AC86244D}.Debug|Any CPU.ActiveCfg = Debug|Any CPU
		{C6873C13-07AA-4834-8DD7-A7E2AC86244D}.Debug|Any CPU.Build.0 = Debug|Any CPU
		{C6873C13-07AA-4834-8DD7-A7E2AC86244D}.Release|Any CPU.ActiveCfg = Release|Any CPU
		{C6873C13-07AA-4834-8DD7-A7E2AC86244D}.Release|Any CPU.Build.0 = Release|Any CPU
	EndGlobalSection
	GlobalSection(SolutionProperties) = preSolution
		HideSolutionNode = FALSE
	EndGlobalSection
	GlobalSection(NestedProjects) = preSolution
		{B9ED49AA-0779-475C-B8B5-DEC53FCAFE14} = {AB452B1A-B290-4883-B8C6-3C1C33E8B509}
	EndGlobalSection
	GlobalSection(ExtensibilityGlobals) = postSolution
		SolutionGuid = {D63F4CF8-D0A5-4440-A648-1D792807C6DD}
	EndGlobalSection
	GlobalSection(CodealikeProperties) = postSolution
		SolutionGuid = 78c34d1c-5700-467f-baec-2ec025902b80
	EndGlobalSection
EndGlobal
